Microsoft Visual Studio Solution File, Format Version 11.00
# Visual Studio 2010
Project("{8BC9CEB8-8B4A-11D0-8D11-00A0C91BC942}") = "AriaDLL", "src\AriaDLL-vc2010.vcxproj", "{606257AE-E882-4C66-84C0-72331642D09F}"
EndProject
Project("{FAE04EC0-301F-11D3-BF4B-00C04F79EFBC}") = "CSharpWrapperTest", "CSharpWrapperTest\CSharpWrapperTest.csproj", "{C46D57B3-C8A9-4049-B696-585DA8E199BD}"
EndProject
Global
	GlobalSection(SolutionConfigurationPlatforms) = preSolution
		Debug|Mixed Platforms = Debug|Mixed Platforms
		Debug|Win32 = Debug|Win32
		Debug|x64 = Debug|x64
		Debug|x86 = Debug|x86
		Release|Mixed Platforms = Release|Mixed Platforms
		Release|Win32 = Release|Win32
		Release|x64 = Release|x64
		Release|x86 = Release|x86
	EndGlobalSection
	GlobalSection(ProjectConfigurationPlatforms) = postSolution
		{606257AE-E882-4C66-84C0-72331642D09F}.Debug|Mixed Platforms.ActiveCfg = Debug|Win32
		{606257AE-E882-4C66-84C0-72331642D09F}.Debug|Mixed Platforms.Build.0 = Debug|Win32
		{606257AE-E882-4C66-84C0-72331642D09F}.Debug|Win32.ActiveCfg = Debug|Win32
		{606257AE-E882-4C66-84C0-72331642D09F}.Debug|Win32.Build.0 = Debug|Win32
		{606257AE-E882-4C66-84C0-72331642D09F}.Debug|x64.ActiveCfg = Debug|Win32
		{606257AE-E882-4C66-84C0-72331642D09F}.Debug|x86.ActiveCfg = Debug|x64
		{606257AE-E882-4C66-84C0-72331642D09F}.Release|Mixed Platforms.ActiveCfg = Release|Win32
		{606257AE-E882-4C66-84C0-72331642D09F}.Release|Mixed Platforms.Build.0 = Release|Win32
		{606257AE-E882-4C66-84C0-72331642D09F}.Release|Win32.ActiveCfg = Release|Win32
		{606257AE-E882-4C66-84C0-72331642D09F}.Release|Win32.Build.0 = Release|Win32
		{606257AE-E882-4C66-84C0-72331642D09F}.Release|x64.ActiveCfg = Release|x64
		{606257AE-E882-4C66-84C0-72331642D09F}.Release|x64.Build.0 = Release|x64
		{606257AE-E882-4C66-84C0-72331642D09F}.Release|x86.ActiveCfg = Release|x64
		{C46D57B3-C8A9-4049-B696-585DA8E199BD}.Debug|Mixed Platforms.ActiveCfg = Debug|x86
		{C46D57B3-C8A9-4049-B696-585DA8E199BD}.Debug|Mixed Platforms.Build.0 = Debug|x86
		{C46D57B3-C8A9-4049-B696-585DA8E199BD}.Debug|Win32.ActiveCfg = Debug|x86
		{C46D57B3-C8A9-4049-B696-585DA8E199BD}.Debug|x64.ActiveCfg = Debug|x86
		{C46D57B3-C8A9-4049-B696-585DA8E199BD}.Debug|x86.ActiveCfg = Debug|x86
		{C46D57B3-C8A9-4049-B696-585DA8E199BD}.Debug|x86.Build.0 = Debug|x86
		{C46D57B3-C8A9-4049-B696-585DA8E199BD}.Release|Mixed Platforms.ActiveCfg = Release|x86
		{C46D57B3-C8A9-4049-B696-585DA8E199BD}.Release|Mixed Platforms.Build.0 = Release|x86
		{C46D57B3-C8A9-4049-B696-585DA8E199BD}.Release|Win32.ActiveCfg = Release|x86
		{C46D57B3-C8A9-4049-B696-585DA8E199BD}.Release|x64.ActiveCfg = Release|x86
		{C46D57B3-C8A9-4049-B696-585DA8E199BD}.Release|x86.ActiveCfg = Release|x86
		{C46D57B3-C8A9-4049-B696-585DA8E199BD}.Release|x86.Build.0 = Release|x86
	EndGlobalSection
	GlobalSection(SolutionProperties) = preSolution
		HideSolutionNode = FALSE
	EndGlobalSection
EndGlobal
